
Microsoft Visual Studio Solution File, Format Version 12.00
# Visual Studio 2013
VisualStudioVersion = 12.0.31101.0
MinimumVisualStudioVersion = 10.0.40219.1
Project("{FAE04EC0-301F-11D3-BF4B-00C04F79EFBC}") = "Gimp", "Gimp\Gimp.csproj", "{77488ED8-8392-44AB-9243-0B8C911432DE}"
EndProject
Project("{2150E333-8FDC-42A3-9474-1A3956D46DE8}") = ".nuget", ".nuget", "{1E584447-3114-4BBF-8093-FE84303FE175}"
	ProjectSection(SolutionItems) = preProject
		.nuget\packages.config = .nuget\packages.config
	EndProjectSection
EndProject
Global
	GlobalSection(SolutionConfigurationPlatforms) = preSolution
		Debug|Any CPU = Debug|Any CPU
		Release|Any CPU = Release|Any CPU
	EndGlobalSection
	GlobalSection(ProjectConfigurationPlatforms) = postSolution
		{77488ED8-8392-44AB-9243-0B8C911432DE}.Debug|Any CPU.ActiveCfg = Debug|Any CPU
		{77488ED8-8392-44AB-9243-0B8C911432DE}.Debug|Any CPU.Build.0 = Debug|Any CPU
		{77488ED8-8392-44AB-9243-0B8C911432DE}.Release|Any CPU.ActiveCfg = Release|Any CPU
		{77488ED8-8392-44AB-9243-0B8C911432DE}.Release|Any CPU.Build.0 = Release|Any CPU
	EndGlobalSection
	GlobalSection(SolutionProperties) = preSolution
		HideSolutionNode = FALSE
	EndGlobalSection
EndGlobal
